
Microsoft Visual Studio Solution File, Format Version 12.00
# Visual Studio Version 17
VisualStudioVersion = 17.14.36221.1 d17.14
MinimumVisualStudioVersion = 10.0.40219.1
Project("{FAE04EC0-301F-11D3-BF4B-00C04F79EFBC}") = "HomeHeatMap", "HomeHeatMap\HomeHeatMap.csproj", "{BAC2B8B5-28DB-4F9D-9CB9-675745E56C25}"
EndProject
Global
	GlobalSection(SolutionConfigurationPlatforms) = preSolution
		Debug|Any CPU = Debug|Any CPU
		Release|Any CPU = Release|Any CPU
	EndGlobalSection
	GlobalSection(ProjectConfigurationPlatforms) = postSolution
		{BAC2B8B5-28DB-4F9D-9CB9-675745E56C25}.Debug|Any CPU.ActiveCfg = Debug|Any CPU
		{BAC2B8B5-28DB-4F9D-9CB9-675745E56C25}.Debug|Any CPU.Build.0 = Debug|Any CPU
		{BAC2B8B5-28DB-4F9D-9CB9-675745E56C25}.Release|Any CPU.ActiveCfg = Release|Any CPU
		{BAC2B8B5-28DB-4F9D-9CB9-675745E56C25}.Release|Any CPU.Build.0 = Release|Any CPU
	EndGlobalSection
	GlobalSection(SolutionProperties) = preSolution
		HideSolutionNode = FALSE
	EndGlobalSection
	GlobalSection(ExtensibilityGlobals) = postSolution
		SolutionGuid = {D5887017-6E91-4D0F-98AF-BC69FE2F5B53}
	EndGlobalSection
EndGlobal
